{
  "version": 4,
  "terraform_version": "1.5.7",
  "serial": 19,
  "lineage": "d5307006-a7e8-cc3e-a926-66aa13c5b655",
  "outputs": {
    "scheduler_job_name": {
      "value": "daily-shorts-trigger",
      "type": "string"
    }
  },
  "resources": [
    {
      "mode": "managed",
      "type": "google_cloud_run_service",
      "name": "youtube_shorts_automation",
      "provider": "provider[\"registry.terraform.io/hashicorp/google\"]",
      "instances": [
        {
          "schema_version": 2,
          "attributes": {
            "autogenerate_revision_name": false,
            "id": "locations/us-central1/namespaces/youtube-fully-automated/services/youtube-shorts-automation",
            "location": "us-central1",
            "metadata": [
              {
                "annotations": {
                  "run.googleapis.com/ingress": "all"
                },
                "effective_annotations": {
                  "run.googleapis.com/ingress": "all",
                  "run.googleapis.com/ingress-status": "all",
                  "run.googleapis.com/operation-id": "3fba7944-394d-4f5e-938f-5bf82c314462",
                  "run.googleapis.com/urls": "[\"https://youtube-shorts-automation-94662874801.us-central1.run.app\",\"https://youtube-shorts-automation-iwhiz36b7q-uc.a.run.app\"]",
                  "serving.knative.dev/creator": "github-actions-sa@youtube-fully-automated.iam.gserviceaccount.com",
                  "serving.knative.dev/lastModifier": "github-actions-sa@youtube-fully-automated.iam.gserviceaccount.com"
                },
                "effective_labels": {
                  "cloud.googleapis.com/location": "us-central1"
                },
                "generation": 1,
                "labels": {},
                "namespace": "youtube-fully-automated",
                "resource_version": "AAY5QC45zEI",
                "self_link": "/apis/serving.knative.dev/v1/namespaces/94662874801/services/youtube-shorts-automation",
                "terraform_labels": {},
                "uid": "bc4106c8-d677-4915-b0ad-4b45733c863c"
              }
            ],
            "name": "youtube-shorts-automation",
            "project": "youtube-fully-automated",
            "status": [
              {
                "conditions": [
                  {
                    "message": "",
                    "reason": "",
                    "status": "True",
                    "type": "Ready"
                  },
                  {
                    "message": "",
                    "reason": "",
                    "status": "True",
                    "type": "ConfigurationsReady"
                  },
                  {
                    "message": "",
                    "reason": "",
                    "status": "True",
                    "type": "RoutesReady"
                  }
                ],
                "latest_created_revision_name": "youtube-shorts-automation-00001-blh",
                "latest_ready_revision_name": "youtube-shorts-automation-00001-blh",
                "observed_generation": 1,
                "traffic": [
                  {
                    "latest_revision": true,
                    "percent": 100,
                    "revision_name": "youtube-shorts-automation-00001-blh",
                    "tag": "",
                    "url": ""
                  }
                ],
                "url": "https://youtube-shorts-automation-iwhiz36b7q-uc.a.run.app"
              }
            ],
            "template": [
              {
                "metadata": [
                  {
                    "annotations": {
                      "autoscaling.knative.dev/maxScale": "20"
                    },
                    "generation": 0,
                    "labels": {
                      "run.googleapis.com/startupProbeType": "Default"
                    },
                    "name": "",
                    "namespace": "",
                    "resource_version": "",
                    "self_link": "",
                    "uid": ""
                  }
                ],
                "spec": [
                  {
                    "container_concurrency": 80,
                    "containers": [
                      {
                        "args": [],
                        "command": [],
                        "env": [],
                        "env_from": [],
                        "image": "gcr.io/youtube-fully-automated/youtube-shorts-automation:latest",
                        "liveness_probe": [],
                        "name": "",
                        "ports": [
                          {
                            "container_port": 8080,
                            "name": "http1",
                            "protocol": ""
                          }
                        ],
                        "resources": [
                          {
                            "limits": {
                              "cpu": "1000m",
                              "memory": "512Mi"
                            },
                            "requests": {}
                          }
                        ],
                        "startup_probe": [
                          {
                            "failure_threshold": 1,
                            "grpc": [],
                            "http_get": [],
                            "initial_delay_seconds": 0,
                            "period_seconds": 240,
                            "tcp_socket": [
                              {
                                "port": 8080
                              }
                            ],
                            "timeout_seconds": 240
                          }
                        ],
                        "volume_mounts": [],
                        "working_dir": ""
                      }
                    ],
                    "service_account_name": "github-actions-sa@youtube-fully-automated.iam.gserviceaccount.com",
                    "serving_state": "",
                    "timeout_seconds": 300,
                    "volumes": []
                  }
                ]
              }
            ],
            "timeouts": null,
            "traffic": [
              {
                "latest_revision": true,
                "percent": 100,
                "revision_name": "",
                "tag": "",
                "url": ""
              }
            ]
          },
          "sensitive_attributes": [],
          "private": "eyJlMmJmYjczMC1lY2FhLTExZTYtOGY4OC0zNDM2M2JjN2M0YzAiOnsiY3JlYXRlIjoxMjAwMDAwMDAwMDAwLCJkZWxldGUiOjEyMDAwMDAwMDAwMDAsInVwZGF0ZSI6MTIwMDAwMDAwMDAwMH0sInNjaGVtYV92ZXJzaW9uIjoiMiJ9"
        }
      ]
    },
    {
      "mode": "managed",
      "type": "google_cloud_scheduler_job",
      "name": "daily_shorts_trigger",
      "provider": "provider[\"registry.terraform.io/hashicorp/google\"]",
      "instances": [
        {
          "schema_version": 0,
          "attributes": {
            "app_engine_http_target": [],
            "attempt_deadline": "",
            "description": "매일 유튜브 쇼츠 자동 업로드 트리거",
            "http_target": [],
            "id": "projects/youtube-fully-automated/locations/us-central1/jobs/daily-shorts-trigger",
            "name": "daily-shorts-trigger",
            "paused": false,
            "project": "youtube-fully-automated",
            "pubsub_target": [
              {
                "attributes": {},
                "data": "eyJhY3Rpb24iOiJjcmVhdGVfYW5kX3VwbG9hZF9zaG9ydHMiLCJtZXRhZGF0YSI6eyJ0b3BpYyI6Iuq4jeyglSDrqoXslrgifX0=",
                "topic_name": "projects/youtube-fully-automated/topics/shorts-trigger"
              }
            ],
            "region": "us-central1",
            "retry_config": [],
            "schedule": "0 9 * * *",
            "state": "ENABLED",
            "time_zone": "Asia/Seoul",
            "timeouts": null
          },
          "sensitive_attributes": [],
          "private": "eyJlMmJmYjczMC1lY2FhLTExZTYtOGY4OC0zNDM2M2JjN2M0YzAiOnsiY3JlYXRlIjoxMjAwMDAwMDAwMDAwLCJkZWxldGUiOjEyMDAwMDAwMDAwMDAsInVwZGF0ZSI6MTIwMDAwMDAwMDAwMH19",
          "dependencies": [
            "google_pubsub_topic.shorts_trigger"
          ]
        }
      ]
    },
    {
      "mode": "managed",
      "type": "google_pubsub_subscription",
      "name": "shorts_trigger_subscription",
      "provider": "provider[\"registry.terraform.io/hashicorp/google\"]",
      "instances": [
        {
          "schema_version": 0,
          "attributes": {
            "ack_deadline_seconds": 10,
            "bigquery_config": [],
            "cloud_storage_config": [],
            "dead_letter_policy": [],
            "effective_labels": {},
            "enable_exactly_once_delivery": false,
            "enable_message_ordering": false,
            "expiration_policy": [
              {
                "ttl": "2678400s"
              }
            ],
            "filter": "",
            "id": "projects/youtube-fully-automated/subscriptions/shorts-trigger-subscription",
            "labels": {},
            "message_retention_duration": "604800s",
            "name": "shorts-trigger-subscription",
            "project": "youtube-fully-automated",
            "push_config": [
              {
                "attributes": {},
                "no_wrapper": [],
                "oidc_token": [
                  {
                    "audience": "",
                    "service_account_email": "github-actions-sa@youtube-fully-automated.iam.gserviceaccount.com"
                  }
                ],
                "push_endpoint": "https://youtube-shorts-automation-iwhiz36b7q-uc.a.run.app"
              }
            ],
            "retain_acked_messages": false,
            "retry_policy": [],
            "terraform_labels": {},
            "timeouts": null,
            "topic": "projects/youtube-fully-automated/topics/shorts-trigger"
          },
          "sensitive_attributes": [],
          "private": "eyJlMmJmYjczMC1lY2FhLTExZTYtOGY4OC0zNDM2M2JjN2M0YzAiOnsiY3JlYXRlIjoxMjAwMDAwMDAwMDAwLCJkZWxldGUiOjEyMDAwMDAwMDAwMDAsInVwZGF0ZSI6MTIwMDAwMDAwMDAwMH19",
          "dependencies": [
            "google_cloud_run_service.youtube_shorts_automation",
            "google_pubsub_topic.shorts_trigger"
          ]
        }
      ]
    },
    {
      "mode": "managed",
      "type": "google_pubsub_topic",
      "name": "shorts_trigger",
      "provider": "provider[\"registry.terraform.io/hashicorp/google\"]",
      "instances": [
        {
          "schema_version": 0,
          "attributes": {
            "effective_labels": {},
            "id": "projects/youtube-fully-automated/topics/shorts-trigger",
            "ingestion_data_source_settings": [],
            "kms_key_name": "",
            "labels": {},
            "message_retention_duration": "",
            "message_storage_policy": [],
            "name": "shorts-trigger",
            "project": "youtube-fully-automated",
            "schema_settings": [],
            "terraform_labels": {},
            "timeouts": null
          },
          "sensitive_attributes": [],
          "private": "eyJlMmJmYjczMC1lY2FhLTExZTYtOGY4OC0zNDM2M2JjN2M0YzAiOnsiY3JlYXRlIjoxMjAwMDAwMDAwMDAwLCJkZWxldGUiOjEyMDAwMDAwMDAwMDAsInVwZGF0ZSI6MTIwMDAwMDAwMDAwMH19"
        }
      ]
    }
  ],
  "check_results": null
}
